
Microsoft Visual Studio Solution File, Format Version 12.00
# Visual Studio Version 16
VisualStudioVersion = 16.0.29509.3
MinimumVisualStudioVersion = 10.0.40219.1
Project("{9A19103F-16F7-4668-BE54-9A1E7A4F7556}") = "ResultApi", "ResultApi\ResultApi.csproj", "{ED1CE504-02B8-47DE-8357-2C6B669EE06B}"
EndProject
Project("{9A19103F-16F7-4668-BE54-9A1E7A4F7556}") = "ResultManager", "ResultManager\ResultManager.csproj", "{AB4E28DB-65F5-4E65-8B91-46DA35837856}"
EndProject
Project("{9A19103F-16F7-4668-BE54-9A1E7A4F7556}") = "Tests", "Tests\Tests.csproj", "{3BE2E00C-EE0E-4F4D-B6E7-5B16E86B13B3}"
EndProject
Project("{FAE04EC0-301F-11D3-BF4B-00C04F79EFBC}") = "FrontEnd", "FrontEnd\FrontEnd.csproj", "{91556EC0-D0D8-4E5D-A6BD-2EEAD585D0A0}"
EndProject
Global
	GlobalSection(SolutionConfigurationPlatforms) = preSolution
		Debug|Any CPU = Debug|Any CPU
		Release|Any CPU = Release|Any CPU
	EndGlobalSection
	GlobalSection(ProjectConfigurationPlatforms) = postSolution
		{ED1CE504-02B8-47DE-8357-2C6B669EE06B}.Debug|Any CPU.ActiveCfg = Debug|Any CPU
		{ED1CE504-02B8-47DE-8357-2C6B669EE06B}.Debug|Any CPU.Build.0 = Debug|Any CPU
		{ED1CE504-02B8-47DE-8357-2C6B669EE06B}.Release|Any CPU.ActiveCfg = Release|Any CPU
		{ED1CE504-02B8-47DE-8357-2C6B669EE06B}.Release|Any CPU.Build.0 = Release|Any CPU
		{AB4E28DB-65F5-4E65-8B91-46DA35837856}.Debug|Any CPU.ActiveCfg = Debug|Any CPU
		{AB4E28DB-65F5-4E65-8B91-46DA35837856}.Debug|Any CPU.Build.0 = Debug|Any CPU
		{AB4E28DB-65F5-4E65-8B91-46DA35837856}.Release|Any CPU.ActiveCfg = Release|Any CPU
		{AB4E28DB-65F5-4E65-8B91-46DA35837856}.Release|Any CPU.Build.0 = Release|Any CPU
		{3BE2E00C-EE0E-4F4D-B6E7-5B16E86B13B3}.Debug|Any CPU.ActiveCfg = Debug|Any CPU
		{3BE2E00C-EE0E-4F4D-B6E7-5B16E86B13B3}.Debug|Any CPU.Build.0 = Debug|Any CPU
		{3BE2E00C-EE0E-4F4D-B6E7-5B16E86B13B3}.Release|Any CPU.ActiveCfg = Release|Any CPU
		{3BE2E00C-EE0E-4F4D-B6E7-5B16E86B13B3}.Release|Any CPU.Build.0 = Release|Any CPU
		{91556EC0-D0D8-4E5D-A6BD-2EEAD585D0A0}.Debug|Any CPU.ActiveCfg = Debug|Any CPU
		{91556EC0-D0D8-4E5D-A6BD-2EEAD585D0A0}.Debug|Any CPU.Build.0 = Debug|Any CPU
		{91556EC0-D0D8-4E5D-A6BD-2EEAD585D0A0}.Release|Any CPU.ActiveCfg = Release|Any CPU
		{91556EC0-D0D8-4E5D-A6BD-2EEAD585D0A0}.Release|Any CPU.Build.0 = Release|Any CPU
	EndGlobalSection
	GlobalSection(SolutionProperties) = preSolution
		HideSolutionNode = FALSE
	EndGlobalSection
	GlobalSection(ExtensibilityGlobals) = postSolution
		SolutionGuid = {2DFB03E8-5C50-4838-88F5-AEC7BD21DDA9}
	EndGlobalSection
EndGlobal
